
Microsoft Visual Studio Solution File, Format Version 11.00
# Visual Studio 2010
Project("{FAE04EC0-301F-11D3-BF4B-00C04F79EFBC}") = "SignalR.Redis", "SignalR.Redis\SignalR.Redis.csproj", "{874FB920-2AB3-4769-9B90-83BF50127562}"
EndProject
Project("{2150E333-8FDC-42A3-9474-1A3956D46DE8}") = ".nuget", ".nuget", "{2206FF75-DDB6-41BC-A35A-A735C2A8C2BE}"
	ProjectSection(SolutionItems) = preProject
		.nuget\NuGet.exe = .nuget\NuGet.exe
		.nuget\NuGet.targets = .nuget\NuGet.targets
	EndProjectSection
EndProject
Global
	GlobalSection(SolutionConfigurationPlatforms) = preSolution
		Debug|Any CPU = Debug|Any CPU
		Release|Any CPU = Release|Any CPU
	EndGlobalSection
	GlobalSection(ProjectConfigurationPlatforms) = postSolution
		{874FB920-2AB3-4769-9B90-83BF50127562}.Debug|Any CPU.ActiveCfg = Debug|Any CPU
		{874FB920-2AB3-4769-9B90-83BF50127562}.Debug|Any CPU.Build.0 = Debug|Any CPU
		{874FB920-2AB3-4769-9B90-83BF50127562}.Release|Any CPU.ActiveCfg = Release|Any CPU
		{874FB920-2AB3-4769-9B90-83BF50127562}.Release|Any CPU.Build.0 = Release|Any CPU
	EndGlobalSection
	GlobalSection(SolutionProperties) = preSolution
		HideSolutionNode = FALSE
	EndGlobalSection
EndGlobal
